
Microsoft Visual Studio Solution File, Format Version 12.00
# Visual Studio 15
VisualStudioVersion = 15.0.28010.2046
MinimumVisualStudioVersion = 10.0.40219.1
Project("{FAE04EC0-301F-11D3-BF4B-00C04F79EFBC}") = "Lab02", "Lab02\Lab02.csproj", "{A0924A73-C88C-409E-9FDE-A5EB5FF8DF6B}"
EndProject
Global
	GlobalSection(SolutionConfigurationPlatforms) = preSolution
		Debug|Any CPU = Debug|Any CPU
		Release|Any CPU = Release|Any CPU
	EndGlobalSection
	GlobalSection(ProjectConfigurationPlatforms) = postSolution
		{A0924A73-C88C-409E-9FDE-A5EB5FF8DF6B}.Debug|Any CPU.ActiveCfg = Debug|Any CPU
		{A0924A73-C88C-409E-9FDE-A5EB5FF8DF6B}.Debug|Any CPU.Build.0 = Debug|Any CPU
		{A0924A73-C88C-409E-9FDE-A5EB5FF8DF6B}.Release|Any CPU.ActiveCfg = Release|Any CPU
		{A0924A73-C88C-409E-9FDE-A5EB5FF8DF6B}.Release|Any CPU.Build.0 = Release|Any CPU
	EndGlobalSection
	GlobalSection(SolutionProperties) = preSolution
		HideSolutionNode = FALSE
	EndGlobalSection
	GlobalSection(ExtensibilityGlobals) = postSolution
		SolutionGuid = {C57368FA-1EFE-4757-A86D-CD1FBF3D6C92}
	EndGlobalSection
EndGlobal
